
Microsoft Visual Studio Solution File, Format Version 12.00
# Visual Studio Version 17
VisualStudioVersion = 17.14.36511.14 d17.14
MinimumVisualStudioVersion = 10.0.40219.1
Project("{FAE04EC0-301F-11D3-BF4B-00C04F79EFBC}") = "Frameworks3", "Frameworks3.csproj", "{DC3D1582-7A6E-41DD-868B-AAE0CEEC282A}"
EndProject
Project("{FAE04EC0-301F-11D3-BF4B-00C04F79EFBC}") = "Frameworks3Frontend", "..\Frameworks3Frontend\Frameworks3Frontend.csproj", "{74D1EA96-E353-4FE3-B971-3317FFA360C3}"
EndProject
Global
	GlobalSection(SolutionConfigurationPlatforms) = preSolution
		Debug|Any CPU = Debug|Any CPU
		Release|Any CPU = Release|Any CPU
	EndGlobalSection
	GlobalSection(ProjectConfigurationPlatforms) = postSolution
		{DC3D1582-7A6E-41DD-868B-AAE0CEEC282A}.Debug|Any CPU.ActiveCfg = Debug|Any CPU
		{DC3D1582-7A6E-41DD-868B-AAE0CEEC282A}.Debug|Any CPU.Build.0 = Debug|Any CPU
		{DC3D1582-7A6E-41DD-868B-AAE0CEEC282A}.Release|Any CPU.ActiveCfg = Release|Any CPU
		{DC3D1582-7A6E-41DD-868B-AAE0CEEC282A}.Release|Any CPU.Build.0 = Release|Any CPU
		{74D1EA96-E353-4FE3-B971-3317FFA360C3}.Debug|Any CPU.ActiveCfg = Debug|Any CPU
		{74D1EA96-E353-4FE3-B971-3317FFA360C3}.Debug|Any CPU.Build.0 = Debug|Any CPU
		{74D1EA96-E353-4FE3-B971-3317FFA360C3}.Release|Any CPU.ActiveCfg = Release|Any CPU
		{74D1EA96-E353-4FE3-B971-3317FFA360C3}.Release|Any CPU.Build.0 = Release|Any CPU
	EndGlobalSection
	GlobalSection(SolutionProperties) = preSolution
		HideSolutionNode = FALSE
	EndGlobalSection
	GlobalSection(ExtensibilityGlobals) = postSolution
		SolutionGuid = {866A8713-A745-4D32-965E-1645C785F80C}
	EndGlobalSection
EndGlobal
